Microsoft Visual Studio Solution File, Format Version 12.00
# Visual Studio 14
VisualStudioVersion = 14.0.25420.1
MinimumVisualStudioVersion = 10.0.40219.1
Project("{FAE04EC0-301F-11D3-BF4B-00C04F79EFBC}") = "Core", "Core\Core.csproj", "{A330A3BC-4BE2-4D6D-9CEB-E5917C5A515C}"
EndProject
Project("{FAE04EC0-301F-11D3-BF4B-00C04F79EFBC}") = "Core.iOS", "iOS\Core.iOS.csproj", "{57BB6B8F-38D6-4619-B61A-BF346A1498FD}"
EndProject
Project("{FAE04EC0-301F-11D3-BF4B-00C04F79EFBC}") = "Core.Droid", "Droid\Core.Droid.csproj", "{CBA8C7E3-C47D-4E73-8403-E5098D9574FE}"
EndProject
Project("{FAE04EC0-301F-11D3-BF4B-00C04F79EFBC}") = "Win", "Win\Win.csproj", "{A70003C9-6B8A-4E99-95AC-A9A2AA6CDA2D}"
EndProject
Project("{FAE04EC0-301F-11D3-BF4B-00C04F79EFBC}") = "WinPhone", "WinPhone\WinPhone.csproj", "{0A50536E-EBF1-4C9B-82C8-99DCD67296AA}"
EndProject
Global
	GlobalSection(SolutionConfigurationPlatforms) = preSolution
		Debug|Any CPU = Debug|Any CPU
		Debug|ARM = Debug|ARM
		Debug|iPhone = Debug|iPhone
		Debug|iPhoneSimulator = Debug|iPhoneSimulator
		Debug|x64 = Debug|x64
		Debug|x86 = Debug|x86
		Release|Any CPU = Release|Any CPU
		Release|ARM = Release|ARM
		Release|iPhone = Release|iPhone
		Release|iPhoneSimulator = Release|iPhoneSimulator
		Release|x64 = Release|x64
		Release|x86 = Release|x86
	EndGlobalSection
	GlobalSection(ProjectConfigurationPlatforms) = postSolution
		{A330A3BC-4BE2-4D6D-9CEB-E5917C5A515C}.Debug|Any CPU.ActiveCfg = Debug|Any CPU
		{A330A3BC-4BE2-4D6D-9CEB-E5917C5A515C}.Debug|Any CPU.Build.0 = Debug|Any CPU
		{A330A3BC-4BE2-4D6D-9CEB-E5917C5A515C}.Debug|ARM.ActiveCfg = Debug|Any CPU
		{A330A3BC-4BE2-4D6D-9CEB-E5917C5A515C}.Debug|ARM.Build.0 = Debug|Any CPU
		{A330A3BC-4BE2-4D6D-9CEB-E5917C5A515C}.Debug|iPhone.ActiveCfg = Debug|Any CPU
		{A330A3BC-4BE2-4D6D-9CEB-E5917C5A515C}.Debug|iPhone.Build.0 = Debug|Any CPU
		{A330A3BC-4BE2-4D6D-9CEB-E5917C5A515C}.Debug|iPhoneSimulator.ActiveCfg = Debug|Any CPU
		{A330A3BC-4BE2-4D6D-9CEB-E5917C5A515C}.Debug|iPhoneSimulator.Build.0 = Debug|Any CPU
		{A330A3BC-4BE2-4D6D-9CEB-E5917C5A515C}.Debug|x64.ActiveCfg = Debug|Any CPU
		{A330A3BC-4BE2-4D6D-9CEB-E5917C5A515C}.Debug|x64.Build.0 = Debug|Any CPU
		{A330A3BC-4BE2-4D6D-9CEB-E5917C5A515C}.Debug|x86.ActiveCfg = Debug|Any CPU
		{A330A3BC-4BE2-4D6D-9CEB-E5917C5A515C}.Debug|x86.Build.0 = Debug|Any CPU
		{A330A3BC-4BE2-4D6D-9CEB-E5917C5A515C}.Release|Any CPU.ActiveCfg = Release|Any CPU
		{A330A3BC-4BE2-4D6D-9CEB-E5917C5A515C}.Release|Any CPU.Build.0 = Release|Any CPU
		{A330A3BC-4BE2-4D6D-9CEB-E5917C5A515C}.Release|ARM.ActiveCfg = Release|Any CPU
		{A330A3BC-4BE2-4D6D-9CEB-E5917C5A515C}.Release|ARM.Build.0 = Release|Any CPU
		{A330A3BC-4BE2-4D6D-9CEB-E5917C5A515C}.Release|iPhone.ActiveCfg = Release|Any CPU
		{A330A3BC-4BE2-4D6D-9CEB-E5917C5A515C}.Release|iPhone.Build.0 = Release|Any CPU
		{A330A3BC-4BE2-4D6D-9CEB-E5917C5A515C}.Release|iPhoneSimulator.ActiveCfg = Release|Any CPU
		{A330A3BC-4BE2-4D6D-9CEB-E5917C5A515C}.Release|iPhoneSimulator.Build.0 = Release|Any CPU
		{A330A3BC-4BE2-4D6D-9CEB-E5917C5A515C}.Release|x64.ActiveCfg = Release|Any CPU
		{A330A3BC-4BE2-4D6D-9CEB-E5917C5A515C}.Release|x64.Build.0 = Release|Any CPU
		{A330A3BC-4BE2-4D6D-9CEB-E5917C5A515C}.Release|x86.ActiveCfg = Release|Any CPU
		{A330A3BC-4BE2-4D6D-9CEB-E5917C5A515C}.Release|x86.Build.0 = Release|Any CPU
		{57BB6B8F-38D6-4619-B61A-BF346A1498FD}.Debug|Any CPU.ActiveCfg = Debug|iPhoneSimulator
		{57BB6B8F-38D6-4619-B61A-BF346A1498FD}.Debug|Any CPU.Build.0 = Debug|iPhoneSimulator
		{57BB6B8F-38D6-4619-B61A-BF346A1498FD}.Debug|ARM.ActiveCfg = Debug|iPhone
		{57BB6B8F-38D6-4619-B61A-BF346A1498FD}.Debug|iPhone.ActiveCfg = Debug|iPhone
		{57BB6B8F-38D6-4619-B61A-BF346A1498FD}.Debug|iPhone.Build.0 = Debug|iPhone
		{57BB6B8F-38D6-4619-B61A-BF346A1498FD}.Debug|iPhoneSimulator.ActiveCfg = Debug|iPhoneSimulator
		{57BB6B8F-38D6-4619-B61A-BF346A1498FD}.Debug|iPhoneSimulator.Build.0 = Debug|iPhoneSimulator
		{57BB6B8F-38D6-4619-B61A-BF346A1498FD}.Debug|x64.ActiveCfg = Debug|iPhone
		{57BB6B8F-38D6-4619-B61A-BF346A1498FD}.Debug|x86.ActiveCfg = Debug|iPhone
		{57BB6B8F-38D6-4619-B61A-BF346A1498FD}.Release|Any CPU.ActiveCfg = Release|iPhone
		{57BB6B8F-38D6-4619-B61A-BF346A1498FD}.Release|Any CPU.Build.0 = Release|iPhone
		{57BB6B8F-38D6-4619-B61A-BF346A1498FD}.Release|ARM.ActiveCfg = Release|iPhoneSimulator
		{57BB6B8F-38D6-4619-B61A-BF346A1498FD}.Release|iPhone.ActiveCfg = Release|iPhone
		{57BB6B8F-38D6-4619-B61A-BF346A1498FD}.Release|iPhone.Build.0 = Release|iPhone
		{57BB6B8F-38D6-4619-B61A-BF346A1498FD}.Release|iPhoneSimulator.ActiveCfg = Release|iPhoneSimulator
		{57BB6B8F-38D6-4619-B61A-BF346A1498FD}.Release|iPhoneSimulator.Build.0 = Release|iPhoneSimulator
		{57BB6B8F-38D6-4619-B61A-BF346A1498FD}.Release|x64.ActiveCfg = Release|iPhoneSimulator
		{57BB6B8F-38D6-4619-B61A-BF346A1498FD}.Release|x86.ActiveCfg = Release|iPhoneSimulator
		{CBA8C7E3-C47D-4E73-8403-E5098D9574FE}.Debug|Any CPU.ActiveCfg = Debug|Any CPU
		{CBA8C7E3-C47D-4E73-8403-E5098D9574FE}.Debug|Any CPU.Build.0 = Debug|Any CPU
		{CBA8C7E3-C47D-4E73-8403-E5098D9574FE}.Debug|Any CPU.Deploy.0 = Debug|Any CPU
		{CBA8C7E3-C47D-4E73-8403-E5098D9574FE}.Debug|ARM.ActiveCfg = Debug|Any CPU
		{CBA8C7E3-C47D-4E73-8403-E5098D9574FE}.Debug|ARM.Build.0 = Debug|Any CPU
		{CBA8C7E3-C47D-4E73-8403-E5098D9574FE}.Debug|ARM.Deploy.0 = Debug|Any CPU
		{CBA8C7E3-C47D-4E73-8403-E5098D9574FE}.Debug|iPhone.ActiveCfg = Debug|Any CPU
		{CBA8C7E3-C47D-4E73-8403-E5098D9574FE}.Debug|iPhone.Build.0 = Debug|Any CPU
		{CBA8C7E3-C47D-4E73-8403-E5098D9574FE}.Debug|iPhoneSimulator.ActiveCfg = Debug|Any CPU
		{CBA8C7E3-C47D-4E73-8403-E5098D9574FE}.Debug|iPhoneSimulator.Build.0 = Debug|Any CPU
		{CBA8C7E3-C47D-4E73-8403-E5098D9574FE}.Debug|x64.ActiveCfg = Debug|Any CPU
		{CBA8C7E3-C47D-4E73-8403-E5098D9574FE}.Debug|x64.Build.0 = Debug|Any CPU
		{CBA8C7E3-C47D-4E73-8403-E5098D9574FE}.Debug|x64.Deploy.0 = Debug|Any CPU
		{CBA8C7E3-C47D-4E73-8403-E5098D9574FE}.Debug|x86.ActiveCfg = Debug|Any CPU
		{CBA8C7E3-C47D-4E73-8403-E5098D9574FE}.Debug|x86.Build.0 = Debug|Any CPU
		{CBA8C7E3-C47D-4E73-8403-E5098D9574FE}.Debug|x86.Deploy.0 = Debug|Any CPU
		{CBA8C7E3-C47D-4E73-8403-E5098D9574FE}.Release|Any CPU.ActiveCfg = Release|Any CPU
		{CBA8C7E3-C47D-4E73-8403-E5098D9574FE}.Release|Any CPU.Build.0 = Release|Any CPU
		{CBA8C7E3-C47D-4E73-8403-E5098D9574FE}.Release|ARM.ActiveCfg = Release|Any CPU
		{CBA8C7E3-C47D-4E73-8403-E5098D9574FE}.Release|ARM.Build.0 = Release|Any CPU
		{CBA8C7E3-C47D-4E73-8403-E5098D9574FE}.Release|ARM.Deploy.0 = Release|Any CPU
		{CBA8C7E3-C47D-4E73-8403-E5098D9574FE}.Release|iPhone.ActiveCfg = Release|Any CPU
		{CBA8C7E3-C47D-4E73-8403-E5098D9574FE}.Release|iPhone.Build.0 = Release|Any CPU
		{CBA8C7E3-C47D-4E73-8403-E5098D9574FE}.Release|iPhoneSimulator.ActiveCfg = Release|Any CPU
		{CBA8C7E3-C47D-4E73-8403-E5098D9574FE}.Release|iPhoneSimulator.Build.0 = Release|Any CPU
		{CBA8C7E3-C47D-4E73-8403-E5098D9574FE}.Release|x64.ActiveCfg = Release|Any CPU
		{CBA8C7E3-C47D-4E73-8403-E5098D9574FE}.Release|x64.Build.0 = Release|Any CPU
		{CBA8C7E3-C47D-4E73-8403-E5098D9574FE}.Release|x64.Deploy.0 = Release|Any CPU
		{CBA8C7E3-C47D-4E73-8403-E5098D9574FE}.Release|x86.ActiveCfg = Release|Any CPU
		{CBA8C7E3-C47D-4E73-8403-E5098D9574FE}.Release|x86.Build.0 = Release|Any CPU
		{CBA8C7E3-C47D-4E73-8403-E5098D9574FE}.Release|x86.Deploy.0 = Release|Any CPU
		{A70003C9-6B8A-4E99-95AC-A9A2AA6CDA2D}.Debug|Any CPU.ActiveCfg = Debug|Any CPU
		{A70003C9-6B8A-4E99-95AC-A9A2AA6CDA2D}.Debug|Any CPU.Build.0 = Debug|Any CPU
		{A70003C9-6B8A-4E99-95AC-A9A2AA6CDA2D}.Debug|Any CPU.Deploy.0 = Debug|Any CPU
		{A70003C9-6B8A-4E99-95AC-A9A2AA6CDA2D}.Debug|ARM.ActiveCfg = Debug|ARM
		{A70003C9-6B8A-4E99-95AC-A9A2AA6CDA2D}.Debug|ARM.Build.0 = Debug|ARM
		{A70003C9-6B8A-4E99-95AC-A9A2AA6CDA2D}.Debug|ARM.Deploy.0 = Debug|ARM
		{A70003C9-6B8A-4E99-95AC-A9A2AA6CDA2D}.Debug|iPhone.ActiveCfg = Debug|Any CPU
		{A70003C9-6B8A-4E99-95AC-A9A2AA6CDA2D}.Debug|iPhone.Build.0 = Debug|Any CPU
		{A70003C9-6B8A-4E99-95AC-A9A2AA6CDA2D}.Debug|iPhone.Deploy.0 = Debug|Any CPU
		{A70003C9-6B8A-4E99-95AC-A9A2AA6CDA2D}.Debug|iPhoneSimulator.ActiveCfg = Debug|Any CPU
		{A70003C9-6B8A-4E99-95AC-A9A2AA6CDA2D}.Debug|iPhoneSimulator.Build.0 = Debug|Any CPU
		{A70003C9-6B8A-4E99-95AC-A9A2AA6CDA2D}.Debug|iPhoneSimulator.Deploy.0 = Debug|Any CPU
		{A70003C9-6B8A-4E99-95AC-A9A2AA6CDA2D}.Debug|x64.ActiveCfg = Debug|x64
		{A70003C9-6B8A-4E99-95AC-A9A2AA6CDA2D}.Debug|x64.Build.0 = Debug|x64
		{A70003C9-6B8A-4E99-95AC-A9A2AA6CDA2D}.Debug|x64.Deploy.0 = Debug|x64
		{A70003C9-6B8A-4E99-95AC-A9A2AA6CDA2D}.Debug|x86.ActiveCfg = Debug|x86
		{A70003C9-6B8A-4E99-95AC-A9A2AA6CDA2D}.Debug|x86.Build.0 = Debug|x86
		{A70003C9-6B8A-4E99-95AC-A9A2AA6CDA2D}.Debug|x86.Deploy.0 = Debug|x86
		{A70003C9-6B8A-4E99-95AC-A9A2AA6CDA2D}.Release|Any CPU.ActiveCfg = Release|Any CPU
		{A70003C9-6B8A-4E99-95AC-A9A2AA6CDA2D}.Release|Any CPU.Build.0 = Release|Any CPU
		{A70003C9-6B8A-4E99-95AC-A9A2AA6CDA2D}.Release|Any CPU.Deploy.0 = Release|Any CPU
		{A70003C9-6B8A-4E99-95AC-A9A2AA6CDA2D}.Release|ARM.ActiveCfg = Release|ARM
		{A70003C9-6B8A-4E99-95AC-A9A2AA6CDA2D}.Release|ARM.Build.0 = Release|ARM
		{A70003C9-6B8A-4E99-95AC-A9A2AA6CDA2D}.Release|ARM.Deploy.0 = Release|ARM
		{A70003C9-6B8A-4E99-95AC-A9A2AA6CDA2D}.Release|iPhone.ActiveCfg = Release|Any CPU
		{A70003C9-6B8A-4E99-95AC-A9A2AA6CDA2D}.Release|iPhone.Build.0 = Release|Any CPU
		{A70003C9-6B8A-4E99-95AC-A9A2AA6CDA2D}.Release|iPhone.Deploy.0 = Release|Any CPU
		{A70003C9-6B8A-4E99-95AC-A9A2AA6CDA2D}.Release|iPhoneSimulator.ActiveCfg = Release|Any CPU
		{A70003C9-6B8A-4E99-95AC-A9A2AA6CDA2D}.Release|iPhoneSimulator.Build.0 = Release|Any CPU
		{A70003C9-6B8A-4E99-95AC-A9A2AA6CDA2D}.Release|iPhoneSimulator.Deploy.0 = Release|Any CPU
		{A70003C9-6B8A-4E99-95AC-A9A2AA6CDA2D}.Release|x64.ActiveCfg = Release|x64
		{A70003C9-6B8A-4E99-95AC-A9A2AA6CDA2D}.Release|x64.Build.0 = Release|x64
		{A70003C9-6B8A-4E99-95AC-A9A2AA6CDA2D}.Release|x64.Deploy.0 = Release|x64
		{A70003C9-6B8A-4E99-95AC-A9A2AA6CDA2D}.Release|x86.ActiveCfg = Release|x86
		{A70003C9-6B8A-4E99-95AC-A9A2AA6CDA2D}.Release|x86.Build.0 = Release|x86
		{A70003C9-6B8A-4E99-95AC-A9A2AA6CDA2D}.Release|x86.Deploy.0 = Release|x86
		{0A50536E-EBF1-4C9B-82C8-99DCD67296AA}.Debug|Any CPU.ActiveCfg = Debug|Any CPU
		{0A50536E-EBF1-4C9B-82C8-99DCD67296AA}.Debug|Any CPU.Build.0 = Debug|Any CPU
		{0A50536E-EBF1-4C9B-82C8-99DCD67296AA}.Debug|Any CPU.Deploy.0 = Debug|Any CPU
		{0A50536E-EBF1-4C9B-82C8-99DCD67296AA}.Debug|ARM.ActiveCfg = Debug|ARM
		{0A50536E-EBF1-4C9B-82C8-99DCD67296AA}.Debug|ARM.Build.0 = Debug|ARM
		{0A50536E-EBF1-4C9B-82C8-99DCD67296AA}.Debug|ARM.Deploy.0 = Debug|ARM
		{0A50536E-EBF1-4C9B-82C8-99DCD67296AA}.Debug|iPhone.ActiveCfg = Debug|Any CPU
		{0A50536E-EBF1-4C9B-82C8-99DCD67296AA}.Debug|iPhone.Build.0 = Debug|Any CPU
		{0A50536E-EBF1-4C9B-82C8-99DCD67296AA}.Debug|iPhone.Deploy.0 = Debug|Any CPU
		{0A50536E-EBF1-4C9B-82C8-99DCD67296AA}.Debug|iPhoneSimulator.ActiveCfg = Debug|Any CPU
		{0A50536E-EBF1-4C9B-82C8-99DCD67296AA}.Debug|iPhoneSimulator.Build.0 = Debug|Any CPU
		{0A50536E-EBF1-4C9B-82C8-99DCD67296AA}.Debug|iPhoneSimulator.Deploy.0 = Debug|Any CPU
		{0A50536E-EBF1-4C9B-82C8-99DCD67296AA}.Debug|x64.ActiveCfg = Debug|Any CPU
		{0A50536E-EBF1-4C9B-82C8-99DCD67296AA}.Debug|x64.Build.0 = Debug|Any CPU
		{0A50536E-EBF1-4C9B-82C8-99DCD67296AA}.Debug|x64.Deploy.0 = Debug|Any CPU
		{0A50536E-EBF1-4C9B-82C8-99DCD67296AA}.Debug|x86.ActiveCfg = Debug|x86
		{0A50536E-EBF1-4C9B-82C8-99DCD67296AA}.Debug|x86.Build.0 = Debug|x86
		{0A50536E-EBF1-4C9B-82C8-99DCD67296AA}.Debug|x86.Deploy.0 = Debug|x86
		{0A50536E-EBF1-4C9B-82C8-99DCD67296AA}.Release|Any CPU.ActiveCfg = Release|Any CPU
		{0A50536E-EBF1-4C9B-82C8-99DCD67296AA}.Release|Any CPU.Build.0 = Release|Any CPU
		{0A50536E-EBF1-4C9B-82C8-99DCD67296AA}.Release|Any CPU.Deploy.0 = Release|Any CPU
		{0A50536E-EBF1-4C9B-82C8-99DCD67296AA}.Release|ARM.ActiveCfg = Release|ARM
		{0A50536E-EBF1-4C9B-82C8-99DCD67296AA}.Release|ARM.Build.0 = Release|ARM
		{0A50536E-EBF1-4C9B-82C8-99DCD67296AA}.Release|ARM.Deploy.0 = Release|ARM
		{0A50536E-EBF1-4C9B-82C8-99DCD67296AA}.Release|iPhone.ActiveCfg = Release|Any CPU
		{0A50536E-EBF1-4C9B-82C8-99DCD67296AA}.Release|iPhone.Build.0 = Release|Any CPU
		{0A50536E-EBF1-4C9B-82C8-99DCD67296AA}.Release|iPhone.Deploy.0 = Release|Any CPU
		{0A50536E-EBF1-4C9B-82C8-99DCD67296AA}.Release|iPhoneSimulator.ActiveCfg = Release|Any CPU
		{0A50536E-EBF1-4C9B-82C8-99DCD67296AA}.Release|iPhoneSimulator.Build.0 = Release|Any CPU
		{0A50536E-EBF1-4C9B-82C8-99DCD67296AA}.Release|iPhoneSimulator.Deploy.0 = Release|Any CPU
		{0A50536E-EBF1-4C9B-82C8-99DCD67296AA}.Release|x64.ActiveCfg = Release|Any CPU
		{0A50536E-EBF1-4C9B-82C8-99DCD67296AA}.Release|x64.Build.0 = Release|Any CPU
		{0A50536E-EBF1-4C9B-82C8-99DCD67296AA}.Release|x64.Deploy.0 = Release|Any CPU
		{0A50536E-EBF1-4C9B-82C8-99DCD67296AA}.Release|x86.ActiveCfg = Release|x86
		{0A50536E-EBF1-4C9B-82C8-99DCD67296AA}.Release|x86.Build.0 = Release|x86
		{0A50536E-EBF1-4C9B-82C8-99DCD67296AA}.Release|x86.Deploy.0 = Release|x86
	EndGlobalSection
	GlobalSection(SolutionProperties) = preSolution
		HideSolutionNode = FALSE
	EndGlobalSection
EndGlobal
